
Microsoft Visual Studio Solution File, Format Version 12.00
# Visual Studio Version 17
VisualStudioVersion = 17.2.32516.85
MinimumVisualStudioVersion = 10.0.40219.1
Project("{9A19103F-16F7-4668-BE54-9A1E7A4F7556}") = "pz.5", "pz.5\pz.5.csproj", "{5E56ED77-6CA8-4669-9F3F-65DF783011E5}"
EndProject
Project("{9A19103F-16F7-4668-BE54-9A1E7A4F7556}") = "pz.7", "pz.7\pz.7.csproj", "{80311ECA-BFB2-4045-8CBB-700A04DB46BC}"
EndProject
Project("{9A19103F-16F7-4668-BE54-9A1E7A4F7556}") = "pz.8", "pz.8\pz.8.csproj", "{02ADBED8-F1D2-43CD-8ABA-1E01C791BF7C}"
EndProject
Project("{9A19103F-16F7-4668-BE54-9A1E7A4F7556}") = "pz.9", "pz.9\pz.9.csproj", "{FCB0F618-C37A-42C0-985C-85E93136793E}"
EndProject
Project("{FAE04EC0-301F-11D3-BF4B-00C04F79EFBC}") = "pz.11", "pz.11\pz.11.csproj", "{ADDEC034-8395-41C2-9D95-B666F3B7AD8B}"
EndProject
Global
	GlobalSection(SolutionConfigurationPlatforms) = preSolution
		Debug|Any CPU = Debug|Any CPU
		Release|Any CPU = Release|Any CPU
	EndGlobalSection
	GlobalSection(ProjectConfigurationPlatforms) = postSolution
		{5E56ED77-6CA8-4669-9F3F-65DF783011E5}.Debug|Any CPU.ActiveCfg = Debug|Any CPU
		{5E56ED77-6CA8-4669-9F3F-65DF783011E5}.Debug|Any CPU.Build.0 = Debug|Any CPU
		{5E56ED77-6CA8-4669-9F3F-65DF783011E5}.Release|Any CPU.ActiveCfg = Release|Any CPU
		{5E56ED77-6CA8-4669-9F3F-65DF783011E5}.Release|Any CPU.Build.0 = Release|Any CPU
		{80311ECA-BFB2-4045-8CBB-700A04DB46BC}.Debug|Any CPU.ActiveCfg = Debug|Any CPU
		{80311ECA-BFB2-4045-8CBB-700A04DB46BC}.Debug|Any CPU.Build.0 = Debug|Any CPU
		{80311ECA-BFB2-4045-8CBB-700A04DB46BC}.Release|Any CPU.ActiveCfg = Release|Any CPU
		{80311ECA-BFB2-4045-8CBB-700A04DB46BC}.Release|Any CPU.Build.0 = Release|Any CPU
		{02ADBED8-F1D2-43CD-8ABA-1E01C791BF7C}.Debug|Any CPU.ActiveCfg = Debug|Any CPU
		{02ADBED8-F1D2-43CD-8ABA-1E01C791BF7C}.Debug|Any CPU.Build.0 = Debug|Any CPU
		{02ADBED8-F1D2-43CD-8ABA-1E01C791BF7C}.Release|Any CPU.ActiveCfg = Release|Any CPU
		{02ADBED8-F1D2-43CD-8ABA-1E01C791BF7C}.Release|Any CPU.Build.0 = Release|Any CPU
		{FCB0F618-C37A-42C0-985C-85E93136793E}.Debug|Any CPU.ActiveCfg = Debug|Any CPU
		{FCB0F618-C37A-42C0-985C-85E93136793E}.Debug|Any CPU.Build.0 = Debug|Any CPU
		{FCB0F618-C37A-42C0-985C-85E93136793E}.Release|Any CPU.ActiveCfg = Release|Any CPU
		{FCB0F618-C37A-42C0-985C-85E93136793E}.Release|Any CPU.Build.0 = Release|Any CPU
		{ADDEC034-8395-41C2-9D95-B666F3B7AD8B}.Debug|Any CPU.ActiveCfg = Debug|Any CPU
		{ADDEC034-8395-41C2-9D95-B666F3B7AD8B}.Debug|Any CPU.Build.0 = Debug|Any CPU
		{ADDEC034-8395-41C2-9D95-B666F3B7AD8B}.Release|Any CPU.ActiveCfg = Release|Any CPU
		{ADDEC034-8395-41C2-9D95-B666F3B7AD8B}.Release|Any CPU.Build.0 = Release|Any CPU
	EndGlobalSection
	GlobalSection(SolutionProperties) = preSolution
		HideSolutionNode = FALSE
	EndGlobalSection
	GlobalSection(ExtensibilityGlobals) = postSolution
		SolutionGuid = {263C4379-DA28-4D18-84B1-72171D79BACF}
	EndGlobalSection
EndGlobal
