
Microsoft Visual Studio Solution File, Format Version 12.00
# Visual Studio Version 17
VisualStudioVersion = 17.3.32819.101
MinimumVisualStudioVersion = 10.0.40219.1
Project("{9A19103F-16F7-4668-BE54-9A1E7A4F7556}") = "pz.5", "pz.5\pz.5.csproj", "{5E56ED77-6CA8-4669-9F3F-65DF783011E5}"
EndProject
Project("{9A19103F-16F7-4668-BE54-9A1E7A4F7556}") = "pz.7", "pz.7\pz.7.csproj", "{80311ECA-BFB2-4045-8CBB-700A04DB46BC}"
EndProject
Project("{9A19103F-16F7-4668-BE54-9A1E7A4F7556}") = "pz.8", "pz.8\pz.8.csproj", "{02ADBED8-F1D2-43CD-8ABA-1E01C791BF7C}"
EndProject
Project("{9A19103F-16F7-4668-BE54-9A1E7A4F7556}") = "pz.9", "pz.9\pz.9.csproj", "{FCB0F618-C37A-42C0-985C-85E93136793E}"
EndProject
Project("{9A19103F-16F7-4668-BE54-9A1E7A4F7556}") = "pz.11", "pz.11\pz.11.csproj", "{ADDEC034-8395-41C2-9D95-B666F3B7AD8B}"
EndProject
Project("{9A19103F-16F7-4668-BE54-9A1E7A4F7556}") = "pz.16", "pz.16\pz.16.csproj", "{C59E2287-6D06-4D6A-91A6-EC045EDF2531}"
EndProject
Project("{8BC9CEB8-8B4A-11D0-8D11-00A0C91BC942}") = "pz.17.game.cpp", "pz.17.game.cpp\pz.17.game.cpp.vcxproj", "{01DC4A7A-2B0C-4931-8F85-DB36C894C31A}"
EndProject
Project("{9A19103F-16F7-4668-BE54-9A1E7A4F7556}") = "pz.20", "pz.20\pz.20.csproj", "{3BCD3F9F-F93B-4A97-93FE-E22ABAC3A505}"
EndProject
Project("{9A19103F-16F7-4668-BE54-9A1E7A4F7556}") = "pz.21", "pz.21\pz.21.csproj", "{23420C52-886F-46D6-9B8B-DA32599285A4}"
EndProject
Project("{9A19103F-16F7-4668-BE54-9A1E7A4F7556}") = "pz.22", "pz.22\pz.22.csproj", "{27CB5AD1-3086-42F7-BFB2-D6003CF2A899}"
EndProject
Project("{9A19103F-16F7-4668-BE54-9A1E7A4F7556}") = "pz.23", "pz.23\pz.23.csproj", "{8E9FC920-3302-4F23-AA0C-B351369D2E84}"
EndProject
Project("{9A19103F-16F7-4668-BE54-9A1E7A4F7556}") = "pz.26", "pz.26\pz.26.csproj", "{4EB9F280-8477-4C77-8303-7B4E51EEC19C}"
EndProject
Project("{FAE04EC0-301F-11D3-BF4B-00C04F79EFBC}") = "overloading.ops", "overloading.ops\overloading.ops.csproj", "{8257E072-B5B0-4846-AD62-1538540D5D0B}"
EndProject
Global
	GlobalSection(SolutionConfigurationPlatforms) = preSolution
		Debug|Any CPU = Debug|Any CPU
		Debug|x64 = Debug|x64
		Debug|x86 = Debug|x86
		Release|Any CPU = Release|Any CPU
		Release|x64 = Release|x64
		Release|x86 = Release|x86
	EndGlobalSection
	GlobalSection(ProjectConfigurationPlatforms) = postSolution
		{5E56ED77-6CA8-4669-9F3F-65DF783011E5}.Debug|Any CPU.ActiveCfg = Debug|Any CPU
		{5E56ED77-6CA8-4669-9F3F-65DF783011E5}.Debug|Any CPU.Build.0 = Debug|Any CPU
		{5E56ED77-6CA8-4669-9F3F-65DF783011E5}.Debug|x64.ActiveCfg = Debug|Any CPU
		{5E56ED77-6CA8-4669-9F3F-65DF783011E5}.Debug|x64.Build.0 = Debug|Any CPU
		{5E56ED77-6CA8-4669-9F3F-65DF783011E5}.Debug|x86.ActiveCfg = Debug|Any CPU
		{5E56ED77-6CA8-4669-9F3F-65DF783011E5}.Debug|x86.Build.0 = Debug|Any CPU
		{5E56ED77-6CA8-4669-9F3F-65DF783011E5}.Release|Any CPU.ActiveCfg = Release|Any CPU
		{5E56ED77-6CA8-4669-9F3F-65DF783011E5}.Release|Any CPU.Build.0 = Release|Any CPU
		{5E56ED77-6CA8-4669-9F3F-65DF783011E5}.Release|x64.ActiveCfg = Release|Any CPU
		{5E56ED77-6CA8-4669-9F3F-65DF783011E5}.Release|x64.Build.0 = Release|Any CPU
		{5E56ED77-6CA8-4669-9F3F-65DF783011E5}.Release|x86.ActiveCfg = Release|Any CPU
		{5E56ED77-6CA8-4669-9F3F-65DF783011E5}.Release|x86.Build.0 = Release|Any CPU
		{80311ECA-BFB2-4045-8CBB-700A04DB46BC}.Debug|Any CPU.ActiveCfg = Debug|Any CPU
		{80311ECA-BFB2-4045-8CBB-700A04DB46BC}.Debug|Any CPU.Build.0 = Debug|Any CPU
		{80311ECA-BFB2-4045-8CBB-700A04DB46BC}.Debug|x64.ActiveCfg = Debug|Any CPU
		{80311ECA-BFB2-4045-8CBB-700A04DB46BC}.Debug|x64.Build.0 = Debug|Any CPU
		{80311ECA-BFB2-4045-8CBB-700A04DB46BC}.Debug|x86.ActiveCfg = Debug|Any CPU
		{80311ECA-BFB2-4045-8CBB-700A04DB46BC}.Debug|x86.Build.0 = Debug|Any CPU
		{80311ECA-BFB2-4045-8CBB-700A04DB46BC}.Release|Any CPU.ActiveCfg = Release|Any CPU
		{80311ECA-BFB2-4045-8CBB-700A04DB46BC}.Release|Any CPU.Build.0 = Release|Any CPU
		{80311ECA-BFB2-4045-8CBB-700A04DB46BC}.Release|x64.ActiveCfg = Release|Any CPU
		{80311ECA-BFB2-4045-8CBB-700A04DB46BC}.Release|x64.Build.0 = Release|Any CPU
		{80311ECA-BFB2-4045-8CBB-700A04DB46BC}.Release|x86.ActiveCfg = Release|Any CPU
		{80311ECA-BFB2-4045-8CBB-700A04DB46BC}.Release|x86.Build.0 = Release|Any CPU
		{02ADBED8-F1D2-43CD-8ABA-1E01C791BF7C}.Debug|Any CPU.ActiveCfg = Debug|Any CPU
		{02ADBED8-F1D2-43CD-8ABA-1E01C791BF7C}.Debug|Any CPU.Build.0 = Debug|Any CPU
		{02ADBED8-F1D2-43CD-8ABA-1E01C791BF7C}.Debug|x64.ActiveCfg = Debug|Any CPU
		{02ADBED8-F1D2-43CD-8ABA-1E01C791BF7C}.Debug|x64.Build.0 = Debug|Any CPU
		{02ADBED8-F1D2-43CD-8ABA-1E01C791BF7C}.Debug|x86.ActiveCfg = Debug|Any CPU
		{02ADBED8-F1D2-43CD-8ABA-1E01C791BF7C}.Debug|x86.Build.0 = Debug|Any CPU
		{02ADBED8-F1D2-43CD-8ABA-1E01C791BF7C}.Release|Any CPU.ActiveCfg = Release|Any CPU
		{02ADBED8-F1D2-43CD-8ABA-1E01C791BF7C}.Release|Any CPU.Build.0 = Release|Any CPU
		{02ADBED8-F1D2-43CD-8ABA-1E01C791BF7C}.Release|x64.ActiveCfg = Release|Any CPU
		{02ADBED8-F1D2-43CD-8ABA-1E01C791BF7C}.Release|x64.Build.0 = Release|Any CPU
		{02ADBED8-F1D2-43CD-8ABA-1E01C791BF7C}.Release|x86.ActiveCfg = Release|Any CPU
		{02ADBED8-F1D2-43CD-8ABA-1E01C791BF7C}.Release|x86.Build.0 = Release|Any CPU
		{FCB0F618-C37A-42C0-985C-85E93136793E}.Debug|Any CPU.ActiveCfg = Debug|Any CPU
		{FCB0F618-C37A-42C0-985C-85E93136793E}.Debug|Any CPU.Build.0 = Debug|Any CPU
		{FCB0F618-C37A-42C0-985C-85E93136793E}.Debug|x64.ActiveCfg = Debug|Any CPU
		{FCB0F618-C37A-42C0-985C-85E93136793E}.Debug|x64.Build.0 = Debug|Any CPU
		{FCB0F618-C37A-42C0-985C-85E93136793E}.Debug|x86.ActiveCfg = Debug|Any CPU
		{FCB0F618-C37A-42C0-985C-85E93136793E}.Debug|x86.Build.0 = Debug|Any CPU
		{FCB0F618-C37A-42C0-985C-85E93136793E}.Release|Any CPU.ActiveCfg = Release|Any CPU
		{FCB0F618-C37A-42C0-985C-85E93136793E}.Release|Any CPU.Build.0 = Release|Any CPU
		{FCB0F618-C37A-42C0-985C-85E93136793E}.Release|x64.ActiveCfg = Release|Any CPU
		{FCB0F618-C37A-42C0-985C-85E93136793E}.Release|x64.Build.0 = Release|Any CPU
		{FCB0F618-C37A-42C0-985C-85E93136793E}.Release|x86.ActiveCfg = Release|Any CPU
		{FCB0F618-C37A-42C0-985C-85E93136793E}.Release|x86.Build.0 = Release|Any CPU
		{ADDEC034-8395-41C2-9D95-B666F3B7AD8B}.Debug|Any CPU.ActiveCfg = Debug|Any CPU
		{ADDEC034-8395-41C2-9D95-B666F3B7AD8B}.Debug|Any CPU.Build.0 = Debug|Any CPU
		{ADDEC034-8395-41C2-9D95-B666F3B7AD8B}.Debug|x64.ActiveCfg = Debug|Any CPU
		{ADDEC034-8395-41C2-9D95-B666F3B7AD8B}.Debug|x64.Build.0 = Debug|Any CPU
		{ADDEC034-8395-41C2-9D95-B666F3B7AD8B}.Debug|x86.ActiveCfg = Debug|Any CPU
		{ADDEC034-8395-41C2-9D95-B666F3B7AD8B}.Debug|x86.Build.0 = Debug|Any CPU
		{ADDEC034-8395-41C2-9D95-B666F3B7AD8B}.Release|Any CPU.ActiveCfg = Release|Any CPU
		{ADDEC034-8395-41C2-9D95-B666F3B7AD8B}.Release|Any CPU.Build.0 = Release|Any CPU
		{ADDEC034-8395-41C2-9D95-B666F3B7AD8B}.Release|x64.ActiveCfg = Release|Any CPU
		{ADDEC034-8395-41C2-9D95-B666F3B7AD8B}.Release|x64.Build.0 = Release|Any CPU
		{ADDEC034-8395-41C2-9D95-B666F3B7AD8B}.Release|x86.ActiveCfg = Release|Any CPU
		{ADDEC034-8395-41C2-9D95-B666F3B7AD8B}.Release|x86.Build.0 = Release|Any CPU
		{C59E2287-6D06-4D6A-91A6-EC045EDF2531}.Debug|Any CPU.ActiveCfg = Debug|Any CPU
		{C59E2287-6D06-4D6A-91A6-EC045EDF2531}.Debug|Any CPU.Build.0 = Debug|Any CPU
		{C59E2287-6D06-4D6A-91A6-EC045EDF2531}.Debug|x64.ActiveCfg = Debug|Any CPU
		{C59E2287-6D06-4D6A-91A6-EC045EDF2531}.Debug|x64.Build.0 = Debug|Any CPU
		{C59E2287-6D06-4D6A-91A6-EC045EDF2531}.Debug|x86.ActiveCfg = Debug|Any CPU
		{C59E2287-6D06-4D6A-91A6-EC045EDF2531}.Debug|x86.Build.0 = Debug|Any CPU
		{C59E2287-6D06-4D6A-91A6-EC045EDF2531}.Release|Any CPU.ActiveCfg = Release|Any CPU
		{C59E2287-6D06-4D6A-91A6-EC045EDF2531}.Release|Any CPU.Build.0 = Release|Any CPU
		{C59E2287-6D06-4D6A-91A6-EC045EDF2531}.Release|x64.ActiveCfg = Release|Any CPU
		{C59E2287-6D06-4D6A-91A6-EC045EDF2531}.Release|x64.Build.0 = Release|Any CPU
		{C59E2287-6D06-4D6A-91A6-EC045EDF2531}.Release|x86.ActiveCfg = Release|Any CPU
		{C59E2287-6D06-4D6A-91A6-EC045EDF2531}.Release|x86.Build.0 = Release|Any CPU
		{01DC4A7A-2B0C-4931-8F85-DB36C894C31A}.Debug|Any CPU.ActiveCfg = Debug|x64
		{01DC4A7A-2B0C-4931-8F85-DB36C894C31A}.Debug|Any CPU.Build.0 = Debug|x64
		{01DC4A7A-2B0C-4931-8F85-DB36C894C31A}.Debug|x64.ActiveCfg = Debug|x64
		{01DC4A7A-2B0C-4931-8F85-DB36C894C31A}.Debug|x64.Build.0 = Debug|x64
		{01DC4A7A-2B0C-4931-8F85-DB36C894C31A}.Debug|x86.ActiveCfg = Debug|Win32
		{01DC4A7A-2B0C-4931-8F85-DB36C894C31A}.Debug|x86.Build.0 = Debug|Win32
		{01DC4A7A-2B0C-4931-8F85-DB36C894C31A}.Release|Any CPU.ActiveCfg = Release|x64
		{01DC4A7A-2B0C-4931-8F85-DB36C894C31A}.Release|Any CPU.Build.0 = Release|x64
		{01DC4A7A-2B0C-4931-8F85-DB36C894C31A}.Release|x64.ActiveCfg = Release|x64
		{01DC4A7A-2B0C-4931-8F85-DB36C894C31A}.Release|x64.Build.0 = Release|x64
		{01DC4A7A-2B0C-4931-8F85-DB36C894C31A}.Release|x86.ActiveCfg = Release|Win32
		{01DC4A7A-2B0C-4931-8F85-DB36C894C31A}.Release|x86.Build.0 = Release|Win32
		{3BCD3F9F-F93B-4A97-93FE-E22ABAC3A505}.Debug|Any CPU.ActiveCfg = Debug|Any CPU
		{3BCD3F9F-F93B-4A97-93FE-E22ABAC3A505}.Debug|Any CPU.Build.0 = Debug|Any CPU
		{3BCD3F9F-F93B-4A97-93FE-E22ABAC3A505}.Debug|x64.ActiveCfg = Debug|Any CPU
		{3BCD3F9F-F93B-4A97-93FE-E22ABAC3A505}.Debug|x64.Build.0 = Debug|Any CPU
		{3BCD3F9F-F93B-4A97-93FE-E22ABAC3A505}.Debug|x86.ActiveCfg = Debug|Any CPU
		{3BCD3F9F-F93B-4A97-93FE-E22ABAC3A505}.Debug|x86.Build.0 = Debug|Any CPU
		{3BCD3F9F-F93B-4A97-93FE-E22ABAC3A505}.Release|Any CPU.ActiveCfg = Release|Any CPU
		{3BCD3F9F-F93B-4A97-93FE-E22ABAC3A505}.Release|Any CPU.Build.0 = Release|Any CPU
		{3BCD3F9F-F93B-4A97-93FE-E22ABAC3A505}.Release|x64.ActiveCfg = Release|Any CPU
		{3BCD3F9F-F93B-4A97-93FE-E22ABAC3A505}.Release|x64.Build.0 = Release|Any CPU
		{3BCD3F9F-F93B-4A97-93FE-E22ABAC3A505}.Release|x86.ActiveCfg = Release|Any CPU
		{3BCD3F9F-F93B-4A97-93FE-E22ABAC3A505}.Release|x86.Build.0 = Release|Any CPU
		{23420C52-886F-46D6-9B8B-DA32599285A4}.Debug|Any CPU.ActiveCfg = Debug|Any CPU
		{23420C52-886F-46D6-9B8B-DA32599285A4}.Debug|Any CPU.Build.0 = Debug|Any CPU
		{23420C52-886F-46D6-9B8B-DA32599285A4}.Debug|x64.ActiveCfg = Debug|Any CPU
		{23420C52-886F-46D6-9B8B-DA32599285A4}.Debug|x64.Build.0 = Debug|Any CPU
		{23420C52-886F-46D6-9B8B-DA32599285A4}.Debug|x86.ActiveCfg = Debug|Any CPU
		{23420C52-886F-46D6-9B8B-DA32599285A4}.Debug|x86.Build.0 = Debug|Any CPU
		{23420C52-886F-46D6-9B8B-DA32599285A4}.Release|Any CPU.ActiveCfg = Release|Any CPU
		{23420C52-886F-46D6-9B8B-DA32599285A4}.Release|Any CPU.Build.0 = Release|Any CPU
		{23420C52-886F-46D6-9B8B-DA32599285A4}.Release|x64.ActiveCfg = Release|Any CPU
		{23420C52-886F-46D6-9B8B-DA32599285A4}.Release|x64.Build.0 = Release|Any CPU
		{23420C52-886F-46D6-9B8B-DA32599285A4}.Release|x86.ActiveCfg = Release|Any CPU
		{23420C52-886F-46D6-9B8B-DA32599285A4}.Release|x86.Build.0 = Release|Any CPU
		{27CB5AD1-3086-42F7-BFB2-D6003CF2A899}.Debug|Any CPU.ActiveCfg = Debug|Any CPU
		{27CB5AD1-3086-42F7-BFB2-D6003CF2A899}.Debug|Any CPU.Build.0 = Debug|Any CPU
		{27CB5AD1-3086-42F7-BFB2-D6003CF2A899}.Debug|x64.ActiveCfg = Debug|Any CPU
		{27CB5AD1-3086-42F7-BFB2-D6003CF2A899}.Debug|x64.Build.0 = Debug|Any CPU
		{27CB5AD1-3086-42F7-BFB2-D6003CF2A899}.Debug|x86.ActiveCfg = Debug|Any CPU
		{27CB5AD1-3086-42F7-BFB2-D6003CF2A899}.Debug|x86.Build.0 = Debug|Any CPU
		{27CB5AD1-3086-42F7-BFB2-D6003CF2A899}.Release|Any CPU.ActiveCfg = Release|Any CPU
		{27CB5AD1-3086-42F7-BFB2-D6003CF2A899}.Release|Any CPU.Build.0 = Release|Any CPU
		{27CB5AD1-3086-42F7-BFB2-D6003CF2A899}.Release|x64.ActiveCfg = Release|Any CPU
		{27CB5AD1-3086-42F7-BFB2-D6003CF2A899}.Release|x64.Build.0 = Release|Any CPU
		{27CB5AD1-3086-42F7-BFB2-D6003CF2A899}.Release|x86.ActiveCfg = Release|Any CPU
		{27CB5AD1-3086-42F7-BFB2-D6003CF2A899}.Release|x86.Build.0 = Release|Any CPU
		{8E9FC920-3302-4F23-AA0C-B351369D2E84}.Debug|Any CPU.ActiveCfg = Debug|Any CPU
		{8E9FC920-3302-4F23-AA0C-B351369D2E84}.Debug|Any CPU.Build.0 = Debug|Any CPU
		{8E9FC920-3302-4F23-AA0C-B351369D2E84}.Debug|x64.ActiveCfg = Debug|Any CPU
		{8E9FC920-3302-4F23-AA0C-B351369D2E84}.Debug|x64.Build.0 = Debug|Any CPU
		{8E9FC920-3302-4F23-AA0C-B351369D2E84}.Debug|x86.ActiveCfg = Debug|Any CPU
		{8E9FC920-3302-4F23-AA0C-B351369D2E84}.Debug|x86.Build.0 = Debug|Any CPU
		{8E9FC920-3302-4F23-AA0C-B351369D2E84}.Release|Any CPU.ActiveCfg = Release|Any CPU
		{8E9FC920-3302-4F23-AA0C-B351369D2E84}.Release|Any CPU.Build.0 = Release|Any CPU
		{8E9FC920-3302-4F23-AA0C-B351369D2E84}.Release|x64.ActiveCfg = Release|Any CPU
		{8E9FC920-3302-4F23-AA0C-B351369D2E84}.Release|x64.Build.0 = Release|Any CPU
		{8E9FC920-3302-4F23-AA0C-B351369D2E84}.Release|x86.ActiveCfg = Release|Any CPU
		{8E9FC920-3302-4F23-AA0C-B351369D2E84}.Release|x86.Build.0 = Release|Any CPU
		{4EB9F280-8477-4C77-8303-7B4E51EEC19C}.Debug|Any CPU.ActiveCfg = Debug|Any CPU
		{4EB9F280-8477-4C77-8303-7B4E51EEC19C}.Debug|Any CPU.Build.0 = Debug|Any CPU
		{4EB9F280-8477-4C77-8303-7B4E51EEC19C}.Debug|x64.ActiveCfg = Debug|Any CPU
		{4EB9F280-8477-4C77-8303-7B4E51EEC19C}.Debug|x64.Build.0 = Debug|Any CPU
		{4EB9F280-8477-4C77-8303-7B4E51EEC19C}.Debug|x86.ActiveCfg = Debug|Any CPU
		{4EB9F280-8477-4C77-8303-7B4E51EEC19C}.Debug|x86.Build.0 = Debug|Any CPU
		{4EB9F280-8477-4C77-8303-7B4E51EEC19C}.Release|Any CPU.ActiveCfg = Release|Any CPU
		{4EB9F280-8477-4C77-8303-7B4E51EEC19C}.Release|Any CPU.Build.0 = Release|Any CPU
		{4EB9F280-8477-4C77-8303-7B4E51EEC19C}.Release|x64.ActiveCfg = Release|Any CPU
		{4EB9F280-8477-4C77-8303-7B4E51EEC19C}.Release|x64.Build.0 = Release|Any CPU
		{4EB9F280-8477-4C77-8303-7B4E51EEC19C}.Release|x86.ActiveCfg = Release|Any CPU
		{4EB9F280-8477-4C77-8303-7B4E51EEC19C}.Release|x86.Build.0 = Release|Any CPU
		{8257E072-B5B0-4846-AD62-1538540D5D0B}.Debug|Any CPU.ActiveCfg = Debug|Any CPU
		{8257E072-B5B0-4846-AD62-1538540D5D0B}.Debug|Any CPU.Build.0 = Debug|Any CPU
		{8257E072-B5B0-4846-AD62-1538540D5D0B}.Debug|x64.ActiveCfg = Debug|Any CPU
		{8257E072-B5B0-4846-AD62-1538540D5D0B}.Debug|x64.Build.0 = Debug|Any CPU
		{8257E072-B5B0-4846-AD62-1538540D5D0B}.Debug|x86.ActiveCfg = Debug|Any CPU
		{8257E072-B5B0-4846-AD62-1538540D5D0B}.Debug|x86.Build.0 = Debug|Any CPU
		{8257E072-B5B0-4846-AD62-1538540D5D0B}.Release|Any CPU.ActiveCfg = Release|Any CPU
		{8257E072-B5B0-4846-AD62-1538540D5D0B}.Release|Any CPU.Build.0 = Release|Any CPU
		{8257E072-B5B0-4846-AD62-1538540D5D0B}.Release|x64.ActiveCfg = Release|Any CPU
		{8257E072-B5B0-4846-AD62-1538540D5D0B}.Release|x64.Build.0 = Release|Any CPU
		{8257E072-B5B0-4846-AD62-1538540D5D0B}.Release|x86.ActiveCfg = Release|Any CPU
		{8257E072-B5B0-4846-AD62-1538540D5D0B}.Release|x86.Build.0 = Release|Any CPU
	EndGlobalSection
	GlobalSection(SolutionProperties) = preSolution
		HideSolutionNode = FALSE
	EndGlobalSection
	GlobalSection(ExtensibilityGlobals) = postSolution
		SolutionGuid = {263C4379-DA28-4D18-84B1-72171D79BACF}
	EndGlobalSection
EndGlobal
